{
  "version": 1,
  "dependencies": {
    "net8.0": {
      "AngleSharp": {
        "type": "Direct",
        "requested": "[1.3.0, )",
        "resolved": "1.3.0",
        "contentHash": "iHzfn4cK6CmhuURNdEpmSQCq5/HZFldEpkbnmqT9My8+6l2Sz3F+NxoqRA8z/jTkWB+SAu5boRdp4v/WtyjuIQ=="
      },
      "Bom.Squad": {
        "type": "Direct",
        "requested": "[0.3.0, )",
        "resolved": "0.3.0",
        "contentHash": "XzhQ6cpYMDACcRosaHBO8P8SGAJ2GBC/9Hcb0WUUe9UTUCttr3PrIWf7r+bg6sDCu3/gPWPgh8lfHMTXAi/v3A=="
      },
      "Ical.Net": {
        "type": "Direct",
        "requested": "[4.3.1, )",
        "resolved": "4.3.1",
        "contentHash": "ZQHNJAy26XeW0OnVRxyHW1xNWkLdueIInPCo76sdNCC0Sr8dAfBzN3DApWWk2r0nwCU0oJIGsrFHdCcQu5RWag==",
        "dependencies": {
          "NodaTime": "3.2.0"
        }
      },
      "Unfucked": {
        "type": "Direct",
        "requested": "[0.0.1-beta.5, )",
        "resolved": "0.0.1-beta.5",
        "contentHash": "2vpz1u3knWf7F7QCbns1lbEps0wWWeJa1d5lGHiSQ9JTK3YBvd6Nn1jh3AzNTxSLppb9SAPUijLKP63kI3DdvA=="
      },
      "Unfucked.ICS": {
        "type": "Direct",
        "requested": "[0.0.1-beta.1, )",
        "resolved": "0.0.1-beta.1",
        "contentHash": "1IuLeodTd/QRf/0KwOKo5sHXUb7cmxqAmyrcLJ3CyM+fciU4zoqbPo5oLIdR0b8BzYW9xnHEoDS6ZHQBIwoH1Q==",
        "dependencies": {
          "Ical.Net": "4.3.1",
          "NodaTime": "3.2.2"
        }
      },
      "NodaTime": {
        "type": "Transitive",
        "resolved": "3.2.2",
        "contentHash": "dmju5W0UYC3QP/UJM0juKAZkH0HSDMp0gH91A0+mT9M0kgyM2Jm67hUZPl/WRQLq8Lijjqmdk8kyAViWFWM7dA=="
      }
    },
    "net8.0/win-x64": {}
  }
}